// !$*UTF8*$!
{
	archiveVersion = 1;
	classes = {
	};
	objectVersion = 56;
	objects = {

/* Begin PBXBuildFile section */
		4B3EC3EC2B11F0A90077A0B0 /* AppDelegate.swift in Sources */ = {isa = PBXBuildFile; fileRef = 4B3EC3EB2B11F0A90077A0B0 /* AppDelegate.swift */; };
		4B3EC3EE2B11F0A90077A0B0 /* SceneDelegate.swift in Sources */ = {isa = PBXBuildFile; fileRef = 4B3EC3ED2B11F0A90077A0B0 /* SceneDelegate.swift */; };
		4B3EC3F32B11F0A90077A0B0 /* Main.storyboard in Resources */ = {isa = PBXBuildFile; fileRef = 4B3EC3F12B11F0A90077A0B0 /* Main.storyboard */; };
		4B3EC3F52B11F0AB0077A0B0 /* Assets.xcassets in Resources */ = {isa = PBXBuildFile; fileRef = 4B3EC3F42B11F0AB0077A0B0 /* Assets.xcassets */; };
		4B3EC3F82B11F0AB0077A0B0 /* LaunchScreen.storyboard in Resources */ = {isa = PBXBuildFile; fileRef = 4B3EC3F62B11F0AB0077A0B0 /* LaunchScreen.storyboard */; };
		4B3EC4032B11F0AB0077A0B0 /* Movie_HusqvarnaTests.swift in Sources */ = {isa = PBXBuildFile; fileRef = 4B3EC4022B11F0AB0077A0B0 /* Movie_HusqvarnaTests.swift */; };
		4B3EC40D2B11F0AB0077A0B0 /* Movie_HusqvarnaUITests.swift in Sources */ = {isa = PBXBuildFile; fileRef = 4B3EC40C2B11F0AB0077A0B0 /* Movie_HusqvarnaUITests.swift */; };
		4B3EC40F2B11F0AB0077A0B0 /* Movie_HusqvarnaUITestsLaunchTests.swift in Sources */ = {isa = PBXBuildFile; fileRef = 4B3EC40E2B11F0AB0077A0B0 /* Movie_HusqvarnaUITestsLaunchTests.swift */; };
		4B3EC4242B11F2560077A0B0 /* MovieListView.swift in Sources */ = {isa = PBXBuildFile; fileRef = 4B3EC4232B11F2560077A0B0 /* MovieListView.swift */; };
		4B3EC4282B11F58F0077A0B0 /* NetworkEnvironment.swift in Sources */ = {isa = PBXBuildFile; fileRef = 4B3EC4272B11F58F0077A0B0 /* NetworkEnvironment.swift */; };
		4B3EC42A2B11F5F40077A0B0 /* EndPointType.swift in Sources */ = {isa = PBXBuildFile; fileRef = 4B3EC4292B11F5F40077A0B0 /* EndPointType.swift */; };
		4B3EC42C2B11F6120077A0B0 /* HTTPMethod.swift in Sources */ = {isa = PBXBuildFile; fileRef = 4B3EC42B2B11F6120077A0B0 /* HTTPMethod.swift */; };
		4B3EC42E2B11F6300077A0B0 /* HTTPTask.swift in Sources */ = {isa = PBXBuildFile; fileRef = 4B3EC42D2B11F6300077A0B0 /* HTTPTask.swift */; };
		4B3EC4302B11F6550077A0B0 /* NetworkLogger.swift in Sources */ = {isa = PBXBuildFile; fileRef = 4B3EC42F2B11F6550077A0B0 /* NetworkLogger.swift */; };
		4B3EC4322B11F7140077A0B0 /* Router.swift in Sources */ = {isa = PBXBuildFile; fileRef = 4B3EC4312B11F7140077A0B0 /* Router.swift */; };
		4B3EC4382B11FB480077A0B0 /* Apikey.swift in Sources */ = {isa = PBXBuildFile; fileRef = 4B3EC4372B11FB480077A0B0 /* Apikey.swift */; };
		4B3EC43B2B12009E0077A0B0 /* MovieApiEndPoints.swift in Sources */ = {isa = PBXBuildFile; fileRef = 4B3EC43A2B12009E0077A0B0 /* MovieApiEndPoints.swift */; };
		4B3EC43F2B1206760077A0B0 /* MovieServiceable.swift in Sources */ = {isa = PBXBuildFile; fileRef = 4B3EC43E2B1206760077A0B0 /* MovieServiceable.swift */; };
		4B3EC4412B12071F0077A0B0 /* MovieServiceManager.swift in Sources */ = {isa = PBXBuildFile; fileRef = 4B3EC4402B12071F0077A0B0 /* MovieServiceManager.swift */; };
		4B3EC4442B1208500077A0B0 /* MovieListViewModel.swift in Sources */ = {isa = PBXBuildFile; fileRef = 4B3EC4432B1208500077A0B0 /* MovieListViewModel.swift */; };
		4B3EC4492B120B730077A0B0 /* Movie.swift in Sources */ = {isa = PBXBuildFile; fileRef = 4B3EC4482B120B730077A0B0 /* Movie.swift */; };
		4B3EC44B2B12291B0077A0B0 /* MovieDetailView.swift in Sources */ = {isa = PBXBuildFile; fileRef = 4B3EC44A2B12291B0077A0B0 /* MovieDetailView.swift */; };
		4B3EC44F2B1237AC0077A0B0 /* ProgressCircleView.swift in Sources */ = {isa = PBXBuildFile; fileRef = 4B3EC44E2B1237AC0077A0B0 /* ProgressCircleView.swift */; };
		4B3EC4512B123FDF0077A0B0 /* MovieItemView.swift in Sources */ = {isa = PBXBuildFile; fileRef = 4B3EC4502B123FDF0077A0B0 /* MovieItemView.swift */; };
		4B3EC4542B12627E0077A0B0 /* CachedAsyncImage in Frameworks */ = {isa = PBXBuildFile; productRef = 4B3EC4532B12627E0077A0B0 /* CachedAsyncImage */; };
		4B3EC4562B126A2E0077A0B0 /* MovieDetails.swift in Sources */ = {isa = PBXBuildFile; fileRef = 4B3EC4552B126A2E0077A0B0 /* MovieDetails.swift */; };
		4B3EC4582B1282AA0077A0B0 /* Utils.swift in Sources */ = {isa = PBXBuildFile; fileRef = 4B3EC4572B1282AA0077A0B0 /* Utils.swift */; };
		4B3EC45A2B1285EF0077A0B0 /* MovieDetailsItem.swift in Sources */ = {isa = PBXBuildFile; fileRef = 4B3EC4592B1285EF0077A0B0 /* MovieDetailsItem.swift */; };
		4B3EC45D2B1296870077A0B0 /* movie_list.json in Resources */ = {isa = PBXBuildFile; fileRef = 4B3EC45C2B1296870077A0B0 /* movie_list.json */; };
		4BBBA1E62B14A44C00B76B90 /* ImageLoader.swift in Sources */ = {isa = PBXBuildFile; fileRef = 4BBBA1E52B14A44C00B76B90 /* ImageLoader.swift */; };
		4BBBA1E82B14A8AA00B76B90 /* MovieDetails+Stub.swift in Sources */ = {isa = PBXBuildFile; fileRef = 4BBBA1E72B14A8AA00B76B90 /* MovieDetails+Stub.swift */; };
		4BBBA1EB2B14AA9F00B76B90 /* PosterImage.swift in Sources */ = {isa = PBXBuildFile; fileRef = 4BBBA1EA2B14AA9F00B76B90 /* PosterImage.swift */; };
/* End PBXBuildFile section */

/* Begin PBXContainerItemProxy section */
		4B3EC3FF2B11F0AB0077A0B0 /* PBXContainerItemProxy */ = {
			isa = PBXContainerItemProxy;
			containerPortal = 4B3EC3E02B11F0A90077A0B0 /* Project object */;
			proxyType = 1;
			remoteGlobalIDString = 4B3EC3E72B11F0A90077A0B0;
			remoteInfo = Movie_Husqvarna;
		};
		4B3EC4092B11F0AB0077A0B0 /* PBXContainerItemProxy */ = {
			isa = PBXContainerItemProxy;
			containerPortal = 4B3EC3E02B11F0A90077A0B0 /* Project object */;
			proxyType = 1;
			remoteGlobalIDString = 4B3EC3E72B11F0A90077A0B0;
			remoteInfo = Movie_Husqvarna;
		};
/* End PBXContainerItemProxy section */

/* Begin PBXFileReference section */
		4B3EC3E82B11F0A90077A0B0 /* Movie_Husqvarna.app */ = {isa = PBXFileReference; explicitFileType = wrapper.application; includeInIndex = 0; path = Movie_Husqvarna.app; sourceTree = BUILT_PRODUCTS_DIR; };
		4B3EC3EB2B11F0A90077A0B0 /* AppDelegate.swift */ = {isa = PBXFileReference; lastKnownFileType = sourcecode.swift; path = AppDelegate.swift; sourceTree = "<group>"; };
		4B3EC3ED2B11F0A90077A0B0 /* SceneDelegate.swift */ = {isa = PBXFileReference; lastKnownFileType = sourcecode.swift; path = SceneDelegate.swift; sourceTree = "<group>"; };
		4B3EC3F22B11F0A90077A0B0 /* Base */ = {isa = PBXFileReference; lastKnownFileType = file.storyboard; name = Base; path = Base.lproj/Main.storyboard; sourceTree = "<group>"; };
		4B3EC3F42B11F0AB0077A0B0 /* Assets.xcassets */ = {isa = PBXFileReference; lastKnownFileType = folder.assetcatalog; path = Assets.xcassets; sourceTree = "<group>"; };
		4B3EC3F72B11F0AB0077A0B0 /* Base */ = {isa = PBXFileReference; lastKnownFileType = file.storyboard; name = Base; path = Base.lproj/LaunchScreen.storyboard; sourceTree = "<group>"; };
		4B3EC3F92B11F0AB0077A0B0 /* Info.plist */ = {isa = PBXFileReference; lastKnownFileType = text.plist.xml; path = Info.plist; sourceTree = "<group>"; };
		4B3EC3FE2B11F0AB0077A0B0 /* Movie_HusqvarnaTests.xctest */ = {isa = PBXFileReference; explicitFileType = wrapper.cfbundle; includeInIndex = 0; path = Movie_HusqvarnaTests.xctest; sourceTree = BUILT_PRODUCTS_DIR; };
		4B3EC4022B11F0AB0077A0B0 /* Movie_HusqvarnaTests.swift */ = {isa = PBXFileReference; lastKnownFileType = sourcecode.swift; path = Movie_HusqvarnaTests.swift; sourceTree = "<group>"; };
		4B3EC4082B11F0AB0077A0B0 /* Movie_HusqvarnaUITests.xctest */ = {isa = PBXFileReference; explicitFileType = wrapper.cfbundle; includeInIndex = 0; path = Movie_HusqvarnaUITests.xctest; sourceTree = BUILT_PRODUCTS_DIR; };
		4B3EC40C2B11F0AB0077A0B0 /* Movie_HusqvarnaUITests.swift */ = {isa = PBXFileReference; lastKnownFileType = sourcecode.swift; path = Movie_HusqvarnaUITests.swift; sourceTree = "<group>"; };
		4B3EC40E2B11F0AB0077A0B0 /* Movie_HusqvarnaUITestsLaunchTests.swift */ = {isa = PBXFileReference; lastKnownFileType = sourcecode.swift; path = Movie_HusqvarnaUITestsLaunchTests.swift; sourceTree = "<group>"; };
		4B3EC4232B11F2560077A0B0 /* MovieListView.swift */ = {isa = PBXFileReference; lastKnownFileType = sourcecode.swift; path = MovieListView.swift; sourceTree = "<group>"; };
		4B3EC4272B11F58F0077A0B0 /* NetworkEnvironment.swift */ = {isa = PBXFileReference; lastKnownFileType = sourcecode.swift; path = NetworkEnvironment.swift; sourceTree = "<group>"; };
		4B3EC4292B11F5F40077A0B0 /* EndPointType.swift */ = {isa = PBXFileReference; lastKnownFileType = sourcecode.swift; path = EndPointType.swift; sourceTree = "<group>"; };
		4B3EC42B2B11F6120077A0B0 /* HTTPMethod.swift */ = {isa = PBXFileReference; lastKnownFileType = sourcecode.swift; path = HTTPMethod.swift; sourceTree = "<group>"; };
		4B3EC42D2B11F6300077A0B0 /* HTTPTask.swift */ = {isa = PBXFileReference; lastKnownFileType = sourcecode.swift; path = HTTPTask.swift; sourceTree = "<group>"; };
		4B3EC42F2B11F6550077A0B0 /* NetworkLogger.swift */ = {isa = PBXFileReference; lastKnownFileType = sourcecode.swift; path = NetworkLogger.swift; sourceTree = "<group>"; };
		4B3EC4312B11F7140077A0B0 /* Router.swift */ = {isa = PBXFileReference; lastKnownFileType = sourcecode.swift; path = Router.swift; sourceTree = "<group>"; };
		4B3EC4372B11FB480077A0B0 /* Apikey.swift */ = {isa = PBXFileReference; lastKnownFileType = sourcecode.swift; path = Apikey.swift; sourceTree = "<group>"; };
		4B3EC43A2B12009E0077A0B0 /* MovieApiEndPoints.swift */ = {isa = PBXFileReference; lastKnownFileType = sourcecode.swift; path = MovieApiEndPoints.swift; sourceTree = "<group>"; };
		4B3EC43E2B1206760077A0B0 /* MovieServiceable.swift */ = {isa = PBXFileReference; lastKnownFileType = sourcecode.swift; path = MovieServiceable.swift; sourceTree = "<group>"; };
		4B3EC4402B12071F0077A0B0 /* MovieServiceManager.swift */ = {isa = PBXFileReference; lastKnownFileType = sourcecode.swift; path = MovieServiceManager.swift; sourceTree = "<group>"; };
		4B3EC4432B1208500077A0B0 /* MovieListViewModel.swift */ = {isa = PBXFileReference; lastKnownFileType = sourcecode.swift; path = MovieListViewModel.swift; sourceTree = "<group>"; };
		4B3EC4482B120B730077A0B0 /* Movie.swift */ = {isa = PBXFileReference; lastKnownFileType = sourcecode.swift; path = Movie.swift; sourceTree = "<group>"; };
		4B3EC44A2B12291B0077A0B0 /* MovieDetailView.swift */ = {isa = PBXFileReference; lastKnownFileType = sourcecode.swift; path = MovieDetailView.swift; sourceTree = "<group>"; };
		4B3EC44E2B1237AC0077A0B0 /* ProgressCircleView.swift */ = {isa = PBXFileReference; lastKnownFileType = sourcecode.swift; path = ProgressCircleView.swift; sourceTree = "<group>"; };
		4B3EC4502B123FDF0077A0B0 /* MovieItemView.swift */ = {isa = PBXFileReference; lastKnownFileType = sourcecode.swift; path = MovieItemView.swift; sourceTree = "<group>"; };
		4B3EC4552B126A2E0077A0B0 /* MovieDetails.swift */ = {isa = PBXFileReference; lastKnownFileType = sourcecode.swift; path = MovieDetails.swift; sourceTree = "<group>"; };
		4B3EC4572B1282AA0077A0B0 /* Utils.swift */ = {isa = PBXFileReference; lastKnownFileType = sourcecode.swift; path = Utils.swift; sourceTree = "<group>"; };
		4B3EC4592B1285EF0077A0B0 /* MovieDetailsItem.swift */ = {isa = PBXFileReference; lastKnownFileType = sourcecode.swift; path = MovieDetailsItem.swift; sourceTree = "<group>"; };
		4B3EC45C2B1296870077A0B0 /* movie_list.json */ = {isa = PBXFileReference; lastKnownFileType = text.json; path = movie_list.json; sourceTree = "<group>"; };
		4BBBA1E52B14A44C00B76B90 /* ImageLoader.swift */ = {isa = PBXFileReference; lastKnownFileType = sourcecode.swift; path = ImageLoader.swift; sourceTree = "<group>"; };
		4BBBA1E72B14A8AA00B76B90 /* MovieDetails+Stub.swift */ = {isa = PBXFileReference; lastKnownFileType = sourcecode.swift; path = "MovieDetails+Stub.swift"; sourceTree = "<group>"; };
		4BBBA1EA2B14AA9F00B76B90 /* PosterImage.swift */ = {isa = PBXFileReference; lastKnownFileType = sourcecode.swift; path = PosterImage.swift; sourceTree = "<group>"; };
/* End PBXFileReference section */

/* Begin PBXFrameworksBuildPhase section */
		4B3EC3E52B11F0A90077A0B0 /* Frameworks */ = {
			isa = PBXFrameworksBuildPhase;
			buildActionMask = 2147483647;
			files = (
				4B3EC4542B12627E0077A0B0 /* CachedAsyncImage in Frameworks */,
			);
			runOnlyForDeploymentPostprocessing = 0;
		};
		4B3EC3FB2B11F0AB0077A0B0 /* Frameworks */ = {
			isa = PBXFrameworksBuildPhase;
			buildActionMask = 2147483647;
			files = (
			);
			runOnlyForDeploymentPostprocessing = 0;
		};
		4B3EC4052B11F0AB0077A0B0 /* Frameworks */ = {
			isa = PBXFrameworksBuildPhase;
			buildActionMask = 2147483647;
			files = (
			);
			runOnlyForDeploymentPostprocessing = 0;
		};
/* End PBXFrameworksBuildPhase section */

/* Begin PBXGroup section */
		4B3EC3DF2B11F0A90077A0B0 = {
			isa = PBXGroup;
			children = (
				4B3EC3EA2B11F0A90077A0B0 /* Movie_Husqvarna */,
				4B3EC4012B11F0AB0077A0B0 /* Movie_HusqvarnaTests */,
				4B3EC40B2B11F0AB0077A0B0 /* Movie_HusqvarnaUITests */,
				4B3EC3E92B11F0A90077A0B0 /* Products */,
			);
			sourceTree = "<group>";
		};
		4B3EC3E92B11F0A90077A0B0 /* Products */ = {
			isa = PBXGroup;
			children = (
				4B3EC3E82B11F0A90077A0B0 /* Movie_Husqvarna.app */,
				4B3EC3FE2B11F0AB0077A0B0 /* Movie_HusqvarnaTests.xctest */,
				4B3EC4082B11F0AB0077A0B0 /* Movie_HusqvarnaUITests.xctest */,
			);
			name = Products;
			sourceTree = "<group>";
		};
		4B3EC3EA2B11F0A90077A0B0 /* Movie_Husqvarna */ = {
			isa = PBXGroup;
			children = (
				4B3EC45B2B1296610077A0B0 /* Resource */,
				4B3EC41D2B11F1840077A0B0 /* Source */,
				4B3EC41B2B11F10D0077A0B0 /* App */,
				4B3EC41C2B11F14C0077A0B0 /* StoryBoard */,
				4B3EC3F42B11F0AB0077A0B0 /* Assets.xcassets */,
				4B3EC3F92B11F0AB0077A0B0 /* Info.plist */,
			);
			path = Movie_Husqvarna;
			sourceTree = "<group>";
		};
		4B3EC4012B11F0AB0077A0B0 /* Movie_HusqvarnaTests */ = {
			isa = PBXGroup;
			children = (
				4B3EC4022B11F0AB0077A0B0 /* Movie_HusqvarnaTests.swift */,
			);
			path = Movie_HusqvarnaTests;
			sourceTree = "<group>";
		};
		4B3EC40B2B11F0AB0077A0B0 /* Movie_HusqvarnaUITests */ = {
			isa = PBXGroup;
			children = (
				4B3EC40C2B11F0AB0077A0B0 /* Movie_HusqvarnaUITests.swift */,
				4B3EC40E2B11F0AB0077A0B0 /* Movie_HusqvarnaUITestsLaunchTests.swift */,
			);
			path = Movie_HusqvarnaUITests;
			sourceTree = "<group>";
		};
		4B3EC41B2B11F10D0077A0B0 /* App */ = {
			isa = PBXGroup;
			children = (
				4B3EC3EB2B11F0A90077A0B0 /* AppDelegate.swift */,
				4B3EC3ED2B11F0A90077A0B0 /* SceneDelegate.swift */,
			);
			path = App;
			sourceTree = "<group>";
		};
		4B3EC41C2B11F14C0077A0B0 /* StoryBoard */ = {
			isa = PBXGroup;
			children = (
				4B3EC3F62B11F0AB0077A0B0 /* LaunchScreen.storyboard */,
				4B3EC3F12B11F0A90077A0B0 /* Main.storyboard */,
			);
			path = StoryBoard;
			sourceTree = "<group>";
		};
		4B3EC41D2B11F1840077A0B0 /* Source */ = {
			isa = PBXGroup;
			children = (
				4B3EC44C2B1237840077A0B0 /* CommonUtils */,
				4B3EC4332B11FAEF0077A0B0 /* Helpers */,
				4B3EC4252B11F55C0077A0B0 /* Network */,
				4B3EC41E2B11F1A20077A0B0 /* AppModule */,
			);
			path = Source;
			sourceTree = "<group>";
		};
		4B3EC41E2B11F1A20077A0B0 /* AppModule */ = {
			isa = PBXGroup;
			children = (
				4B3EC41F2B11F1E40077A0B0 /* MovieList */,
			);
			path = AppModule;
			sourceTree = "<group>";
		};
		4B3EC41F2B11F1E40077A0B0 /* MovieList */ = {
			isa = PBXGroup;
			children = (
				4B3EC4452B120B2D0077A0B0 /* Model */,
				4B3EC4422B1208160077A0B0 /* ViewModel */,
				4B3EC43D2B12064F0077A0B0 /* Manager */,
				4B3EC43C2B1206340077A0B0 /* Protocol */,
				4B3EC4392B12007E0077A0B0 /* EndPoints */,
				4B3EC4202B11F2060077A0B0 /* Views */,
			);
			path = MovieList;
			sourceTree = "<group>";
		};
		4B3EC4202B11F2060077A0B0 /* Views */ = {
			isa = PBXGroup;
			children = (
				4B3EC4232B11F2560077A0B0 /* MovieListView.swift */,
				4B3EC4502B123FDF0077A0B0 /* MovieItemView.swift */,
				4B3EC44A2B12291B0077A0B0 /* MovieDetailView.swift */,
				4B3EC4592B1285EF0077A0B0 /* MovieDetailsItem.swift */,
			);
			path = Views;
			sourceTree = "<group>";
		};
		4B3EC4252B11F55C0077A0B0 /* Network */ = {
			isa = PBXGroup;
			children = (
				4B3EC4262B11F5780077A0B0 /* Service */,
			);
			path = Network;
			sourceTree = "<group>";
		};
		4B3EC4262B11F5780077A0B0 /* Service */ = {
			isa = PBXGroup;
			children = (
				4B3EC4272B11F58F0077A0B0 /* NetworkEnvironment.swift */,
				4B3EC4292B11F5F40077A0B0 /* EndPointType.swift */,
				4B3EC42B2B11F6120077A0B0 /* HTTPMethod.swift */,
				4B3EC42D2B11F6300077A0B0 /* HTTPTask.swift */,
				4B3EC42F2B11F6550077A0B0 /* NetworkLogger.swift */,
				4B3EC4312B11F7140077A0B0 /* Router.swift */,
			);
			path = Service;
			sourceTree = "<group>";
		};
		4B3EC4332B11FAEF0077A0B0 /* Helpers */ = {
			isa = PBXGroup;
			children = (
				4BBBA1E42B14A32200B76B90 /* ImageLoader */,
				4B3EC4362B11FB270077A0B0 /* Constants */,
			);
			path = Helpers;
			sourceTree = "<group>";
		};
		4B3EC4362B11FB270077A0B0 /* Constants */ = {
			isa = PBXGroup;
			children = (
				4B3EC4372B11FB480077A0B0 /* Apikey.swift */,
			);
			path = Constants;
			sourceTree = "<group>";
		};
		4B3EC4392B12007E0077A0B0 /* EndPoints */ = {
			isa = PBXGroup;
			children = (
				4B3EC43A2B12009E0077A0B0 /* MovieApiEndPoints.swift */,
			);
			path = EndPoints;
			sourceTree = "<group>";
		};
		4B3EC43C2B1206340077A0B0 /* Protocol */ = {
			isa = PBXGroup;
			children = (
				4B3EC43E2B1206760077A0B0 /* MovieServiceable.swift */,
			);
			path = Protocol;
			sourceTree = "<group>";
		};
		4B3EC43D2B12064F0077A0B0 /* Manager */ = {
			isa = PBXGroup;
			children = (
				4B3EC4402B12071F0077A0B0 /* MovieServiceManager.swift */,
			);
			path = Manager;
			sourceTree = "<group>";
		};
		4B3EC4422B1208160077A0B0 /* ViewModel */ = {
			isa = PBXGroup;
			children = (
				4B3EC4432B1208500077A0B0 /* MovieListViewModel.swift */,
			);
			path = ViewModel;
			sourceTree = "<group>";
		};
		4B3EC4452B120B2D0077A0B0 /* Model */ = {
			isa = PBXGroup;
			children = (
				4B3EC4482B120B730077A0B0 /* Movie.swift */,
				4B3EC4552B126A2E0077A0B0 /* MovieDetails.swift */,
				4BBBA1E72B14A8AA00B76B90 /* MovieDetails+Stub.swift */,
			);
			path = Model;
			sourceTree = "<group>";
		};
		4B3EC44C2B1237840077A0B0 /* CommonUtils */ = {
			isa = PBXGroup;
			children = (
				4BBBA1E92B14AA8900B76B90 /* ImagePoster */,
				4B3EC44D2B1237990077A0B0 /* CircleProgressView */,
				4B3EC4572B1282AA0077A0B0 /* Utils.swift */,
			);
			path = CommonUtils;
			sourceTree = "<group>";
		};
		4B3EC44D2B1237990077A0B0 /* CircleProgressView */ = {
			isa = PBXGroup;
			children = (
				4B3EC44E2B1237AC0077A0B0 /* ProgressCircleView.swift */,
			);
			path = CircleProgressView;
			sourceTree = "<group>";
		};
		4B3EC45B2B1296610077A0B0 /* Resource */ = {
			isa = PBXGroup;
			children = (
				4B3EC45C2B1296870077A0B0 /* movie_list.json */,
			);
			path = Resource;
			sourceTree = "<group>";
		};
		4BBBA1E42B14A32200B76B90 /* ImageLoader */ = {
			isa = PBXGroup;
			children = (
				4BBBA1E52B14A44C00B76B90 /* ImageLoader.swift */,
			);
			path = ImageLoader;
			sourceTree = "<group>";
		};
		4BBBA1E92B14AA8900B76B90 /* ImagePoster */ = {
			isa = PBXGroup;
			children = (
				4BBBA1EA2B14AA9F00B76B90 /* PosterImage.swift */,
			);
			path = ImagePoster;
			sourceTree = "<group>";
		};
/* End PBXGroup section */

/* Begin PBXNativeTarget section */
		4B3EC3E72B11F0A90077A0B0 /* Movie_Husqvarna */ = {
			isa = PBXNativeTarget;
			buildConfigurationList = 4B3EC4122B11F0AB0077A0B0 /* Build configuration list for PBXNativeTarget "Movie_Husqvarna" */;
			buildPhases = (
				4B3EC3E42B11F0A90077A0B0 /* Sources */,
				4B3EC3E52B11F0A90077A0B0 /* Frameworks */,
				4B3EC3E62B11F0A90077A0B0 /* Resources */,
			);
			buildRules = (
			);
			dependencies = (
			);
			name = Movie_Husqvarna;
			packageProductDependencies = (
				4B3EC4532B12627E0077A0B0 /* CachedAsyncImage */,
			);
			productName = Movie_Husqvarna;
			productReference = 4B3EC3E82B11F0A90077A0B0 /* Movie_Husqvarna.app */;
			productType = "com.apple.product-type.application";
		};
		4B3EC3FD2B11F0AB0077A0B0 /* Movie_HusqvarnaTests */ = {
			isa = PBXNativeTarget;
			buildConfigurationList = 4B3EC4152B11F0AB0077A0B0 /* Build configuration list for PBXNativeTarget "Movie_HusqvarnaTests" */;
			buildPhases = (
				4B3EC3FA2B11F0AB0077A0B0 /* Sources */,
				4B3EC3FB2B11F0AB0077A0B0 /* Frameworks */,
				4B3EC3FC2B11F0AB0077A0B0 /* Resources */,
			);
			buildRules = (
			);
			dependencies = (
				4B3EC4002B11F0AB0077A0B0 /* PBXTargetDependency */,
			);
			name = Movie_HusqvarnaTests;
			productName = Movie_HusqvarnaTests;
			productReference = 4B3EC3FE2B11F0AB0077A0B0 /* Movie_HusqvarnaTests.xctest */;
			productType = "com.apple.product-type.bundle.unit-test";
		};
		4B3EC4072B11F0AB0077A0B0 /* Movie_HusqvarnaUITests */ = {
			isa = PBXNativeTarget;
			buildConfigurationList = 4B3EC4182B11F0AB0077A0B0 /* Build configuration list for PBXNativeTarget "Movie_HusqvarnaUITests" */;
			buildPhases = (
				4B3EC4042B11F0AB0077A0B0 /* Sources */,
				4B3EC4052B11F0AB0077A0B0 /* Frameworks */,
				4B3EC4062B11F0AB0077A0B0 /* Resources */,
			);
			buildRules = (
			);
			dependencies = (
				4B3EC40A2B11F0AB0077A0B0 /* PBXTargetDependency */,
			);
			name = Movie_HusqvarnaUITests;
			productName = Movie_HusqvarnaUITests;
			productReference = 4B3EC4082B11F0AB0077A0B0 /* Movie_HusqvarnaUITests.xctest */;
			productType = "com.apple.product-type.bundle.ui-testing";
		};
/* End PBXNativeTarget section */

/* Begin PBXProject section */
		4B3EC3E02B11F0A90077A0B0 /* Project object */ = {
			isa = PBXProject;
			attributes = {
				BuildIndependentTargetsInParallel = 1;
				LastSwiftUpdateCheck = 1500;
				LastUpgradeCheck = 1500;
				TargetAttributes = {
					4B3EC3E72B11F0A90077A0B0 = {
						CreatedOnToolsVersion = 15.0.1;
					};
					4B3EC3FD2B11F0AB0077A0B0 = {
						CreatedOnToolsVersion = 15.0.1;
						TestTargetID = 4B3EC3E72B11F0A90077A0B0;
					};
					4B3EC4072B11F0AB0077A0B0 = {
						CreatedOnToolsVersion = 15.0.1;
						TestTargetID = 4B3EC3E72B11F0A90077A0B0;
					};
				};
			};
			buildConfigurationList = 4B3EC3E32B11F0A90077A0B0 /* Build configuration list for PBXProject "Movie_Husqvarna" */;
			compatibilityVersion = "Xcode 14.0";
			developmentRegion = en;
			hasScannedForEncodings = 0;
			knownRegions = (
				en,
				Base,
			);
			mainGroup = 4B3EC3DF2B11F0A90077A0B0;
			packageReferences = (
				4B3EC4522B12627E0077A0B0 /* XCRemoteSwiftPackageReference "CachedAsyncImage" */,
			);
			productRefGroup = 4B3EC3E92B11F0A90077A0B0 /* Products */;
			projectDirPath = "";
			projectRoot = "";
			targets = (
				4B3EC3E72B11F0A90077A0B0 /* Movie_Husqvarna */,
				4B3EC3FD2B11F0AB0077A0B0 /* Movie_HusqvarnaTests */,
				4B3EC4072B11F0AB0077A0B0 /* Movie_HusqvarnaUITests */,
			);
		};
/* End PBXProject section */

/* Begin PBXResourcesBuildPhase section */
		4B3EC3E62B11F0A90077A0B0 /* Resources */ = {
			isa = PBXResourcesBuildPhase;
			buildActionMask = 2147483647;
			files = (
				4B3EC3F82B11F0AB0077A0B0 /* LaunchScreen.storyboard in Resources */,
				4B3EC3F52B11F0AB0077A0B0 /* Assets.xcassets in Resources */,
				4B3EC45D2B1296870077A0B0 /* movie_list.json in Resources */,
				4B3EC3F32B11F0A90077A0B0 /* Main.storyboard in Resources */,
			);
			runOnlyForDeploymentPostprocessing = 0;
		};
		4B3EC3FC2B11F0AB0077A0B0 /* Resources */ = {
			isa = PBXResourcesBuildPhase;
			buildActionMask = 2147483647;
			files = (
			);
			runOnlyForDeploymentPostprocessing = 0;
		};
		4B3EC4062B11F0AB0077A0B0 /* Resources */ = {
			isa = PBXResourcesBuildPhase;
			buildActionMask = 2147483647;
			files = (
			);
			runOnlyForDeploymentPostprocessing = 0;
		};
/* End PBXResourcesBuildPhase section */

/* Begin PBXSourcesBuildPhase section */
		4B3EC3E42B11F0A90077A0B0 /* Sources */ = {
			isa = PBXSourcesBuildPhase;
			buildActionMask = 2147483647;
			files = (
				4B3EC4302B11F6550077A0B0 /* NetworkLogger.swift in Sources */,
				4B3EC42E2B11F6300077A0B0 /* HTTPTask.swift in Sources */,
				4B3EC43B2B12009E0077A0B0 /* MovieApiEndPoints.swift in Sources */,
				4B3EC4442B1208500077A0B0 /* MovieListViewModel.swift in Sources */,
				4BBBA1EB2B14AA9F00B76B90 /* PosterImage.swift in Sources */,
				4B3EC4382B11FB480077A0B0 /* Apikey.swift in Sources */,
				4B3EC4242B11F2560077A0B0 /* MovieListView.swift in Sources */,
				4B3EC4512B123FDF0077A0B0 /* MovieItemView.swift in Sources */,
				4B3EC3EC2B11F0A90077A0B0 /* AppDelegate.swift in Sources */,
				4B3EC4322B11F7140077A0B0 /* Router.swift in Sources */,
				4B3EC42C2B11F6120077A0B0 /* HTTPMethod.swift in Sources */,
				4B3EC45A2B1285EF0077A0B0 /* MovieDetailsItem.swift in Sources */,
				4B3EC4282B11F58F0077A0B0 /* NetworkEnvironment.swift in Sources */,
				4B3EC4412B12071F0077A0B0 /* MovieServiceManager.swift in Sources */,
				4B3EC42A2B11F5F40077A0B0 /* EndPointType.swift in Sources */,
				4B3EC43F2B1206760077A0B0 /* MovieServiceable.swift in Sources */,
				4B3EC3EE2B11F0A90077A0B0 /* SceneDelegate.swift in Sources */,
				4BBBA1E62B14A44C00B76B90 /* ImageLoader.swift in Sources */,
				4B3EC4582B1282AA0077A0B0 /* Utils.swift in Sources */,
				4B3EC44F2B1237AC0077A0B0 /* ProgressCircleView.swift in Sources */,
				4BBBA1E82B14A8AA00B76B90 /* MovieDetails+Stub.swift in Sources */,
				4B3EC44B2B12291B0077A0B0 /* MovieDetailView.swift in Sources */,
				4B3EC4562B126A2E0077A0B0 /* MovieDetails.swift in Sources */,
				4B3EC4492B120B730077A0B0 /* Movie.swift in Sources */,
			);
			runOnlyForDeploymentPostprocessing = 0;
		};
		4B3EC3FA2B11F0AB0077A0B0 /* Sources */ = {
			isa = PBXSourcesBuildPhase;
			buildActionMask = 2147483647;
			files = (
				4B3EC4032B11F0AB0077A0B0 /* Movie_HusqvarnaTests.swift in Sources */,
			);
			runOnlyForDeploymentPostprocessing = 0;
		};
		4B3EC4042B11F0AB0077A0B0 /* Sources */ = {
			isa = PBXSourcesBuildPhase;
			buildActionMask = 2147483647;
			files = (
				4B3EC40D2B11F0AB0077A0B0 /* Movie_HusqvarnaUITests.swift in Sources */,
				4B3EC40F2B11F0AB0077A0B0 /* Movie_HusqvarnaUITestsLaunchTests.swift in Sources */,
			);
			runOnlyForDeploymentPostprocessing = 0;
		};
/* End PBXSourcesBuildPhase section */

/* Begin PBXTargetDependency section */
		4B3EC4002B11F0AB0077A0B0 /* PBXTargetDependency */ = {
			isa = PBXTargetDependency;
			target = 4B3EC3E72B11F0A90077A0B0 /* Movie_Husqvarna */;
			targetProxy = 4B3EC3FF2B11F0AB0077A0B0 /* PBXContainerItemProxy */;
		};
		4B3EC40A2B11F0AB0077A0B0 /* PBXTargetDependency */ = {
			isa = PBXTargetDependency;
			target = 4B3EC3E72B11F0A90077A0B0 /* Movie_Husqvarna */;
			targetProxy = 4B3EC4092B11F0AB0077A0B0 /* PBXContainerItemProxy */;
		};
/* End PBXTargetDependency section */

/* Begin PBXVariantGroup section */
		4B3EC3F12B11F0A90077A0B0 /* Main.storyboard */ = {
			isa = PBXVariantGroup;
			children = (
				4B3EC3F22B11F0A90077A0B0 /* Base */,
			);
			name = Main.storyboard;
			sourceTree = "<group>";
		};
		4B3EC3F62B11F0AB0077A0B0 /* LaunchScreen.storyboard */ = {
			isa = PBXVariantGroup;
			children = (
				4B3EC3F72B11F0AB0077A0B0 /* Base */,
			);
			name = LaunchScreen.storyboard;
			sourceTree = "<group>";
		};
/* End PBXVariantGroup section */

/* Begin XCBuildConfiguration section */
		4B3EC4102B11F0AB0077A0B0 /* Debug */ = {
			isa = XCBuildConfiguration;
			buildSettings = {
				ALWAYS_SEARCH_USER_PATHS = NO;
				ASSETCATALOG_COMPILER_GENERATE_SWIFT_ASSET_SYMBOL_EXTENSIONS = YES;
				CLANG_ANALYZER_NONNULL = YES;
				CLANG_ANALYZER_NUMBER_OBJECT_CONVERSION = YES_AGGRESSIVE;
				CLANG_CXX_LANGUAGE_STANDARD = "gnu++20";
				CLANG_ENABLE_MODULES = YES;
				CLANG_ENABLE_OBJC_ARC = YES;
				CLANG_ENABLE_OBJC_WEAK = YES;
				CLANG_WARN_BLOCK_CAPTURE_AUTORELEASING = YES;
				CLANG_WARN_BOOL_CONVERSION = YES;
				CLANG_WARN_COMMA = YES;
				CLANG_WARN_CONSTANT_CONVERSION = YES;
				CLANG_WARN_DEPRECATED_OBJC_IMPLEMENTATIONS = YES;
				CLANG_WARN_DIRECT_OBJC_ISA_USAGE = YES_ERROR;
				CLANG_WARN_DOCUMENTATION_COMMENTS = YES;
				CLANG_WARN_EMPTY_BODY = YES;
				CLANG_WARN_ENUM_CONVERSION = YES;
				CLANG_WARN_INFINITE_RECURSION = YES;
				CLANG_WARN_INT_CONVERSION = YES;
				CLANG_WARN_NON_LITERAL_NULL_CONVERSION = YES;
				CLANG_WARN_OBJC_IMPLICIT_RETAIN_SELF = YES;
				CLANG_WARN_OBJC_LITERAL_CONVERSION = YES;
				CLANG_WARN_OBJC_ROOT_CLASS = YES_ERROR;
				CLANG_WARN_QUOTED_INCLUDE_IN_FRAMEWORK_HEADER = YES;
				CLANG_WARN_RANGE_LOOP_ANALYSIS = YES;
				CLANG_WARN_STRICT_PROTOTYPES = YES;
				CLANG_WARN_SUSPICIOUS_MOVE = YES;
				CLANG_WARN_UNGUARDED_AVAILABILITY = YES_AGGRESSIVE;
				CLANG_WARN_UNREACHABLE_CODE = YES;
				CLANG_WARN__DUPLICATE_METHOD_MATCH = YES;
				COPY_PHASE_STRIP = NO;
				DEBUG_INFORMATION_FORMAT = dwarf;
				ENABLE_STRICT_OBJC_MSGSEND = YES;
				ENABLE_TESTABILITY = YES;
				ENABLE_USER_SCRIPT_SANDBOXING = YES;
				GCC_C_LANGUAGE_STANDARD = gnu17;
				GCC_DYNAMIC_NO_PIC = NO;
				GCC_NO_COMMON_BLOCKS = YES;
				GCC_OPTIMIZATION_LEVEL = 0;
				GCC_PREPROCESSOR_DEFINITIONS = (
					"DEBUG=1",
					"$(inherited)",
				);
				GCC_WARN_64_TO_32_BIT_CONVERSION = YES;
				GCC_WARN_ABOUT_RETURN_TYPE = YES_ERROR;
				GCC_WARN_UNDECLARED_SELECTOR = YES;
				GCC_WARN_UNINITIALIZED_AUTOS = YES_AGGRESSIVE;
				GCC_WARN_UNUSED_FUNCTION = YES;
				GCC_WARN_UNUSED_VARIABLE = YES;
				IPHONEOS_DEPLOYMENT_TARGET = 17.0;
				LOCALIZATION_PREFERS_STRING_CATALOGS = YES;
				MTL_ENABLE_DEBUG_INFO = INCLUDE_SOURCE;
				MTL_FAST_MATH = YES;
				ONLY_ACTIVE_ARCH = YES;
				SDKROOT = iphoneos;
				SWIFT_ACTIVE_COMPILATION_CONDITIONS = "DEBUG $(inherited)";
				SWIFT_OPTIMIZATION_LEVEL = "-Onone";
			};
			name = Debug;
		};
		4B3EC4112B11F0AB0077A0B0 /* Release */ = {
			isa = XCBuildConfiguration;
			buildSettings = {
				ALWAYS_SEARCH_USER_PATHS = NO;
				ASSETCATALOG_COMPILER_GENERATE_SWIFT_ASSET_SYMBOL_EXTENSIONS = YES;
				CLANG_ANALYZER_NONNULL = YES;
				CLANG_ANALYZER_NUMBER_OBJECT_CONVERSION = YES_AGGRESSIVE;
				CLANG_CXX_LANGUAGE_STANDARD = "gnu++20";
				CLANG_ENABLE_MODULES = YES;
				CLANG_ENABLE_OBJC_ARC = YES;
				CLANG_ENABLE_OBJC_WEAK = YES;
				CLANG_WARN_BLOCK_CAPTURE_AUTORELEASING = YES;
				CLANG_WARN_BOOL_CONVERSION = YES;
				CLANG_WARN_COMMA = YES;
				CLANG_WARN_CONSTANT_CONVERSION = YES;
				CLANG_WARN_DEPRECATED_OBJC_IMPLEMENTATIONS = YES;
				CLANG_WARN_DIRECT_OBJC_ISA_USAGE = YES_ERROR;
				CLANG_WARN_DOCUMENTATION_COMMENTS = YES;
				CLANG_WARN_EMPTY_BODY = YES;
				CLANG_WARN_ENUM_CONVERSION = YES;
				CLANG_WARN_INFINITE_RECURSION = YES;
				CLANG_WARN_INT_CONVERSION = YES;
				CLANG_WARN_NON_LITERAL_NULL_CONVERSION = YES;
				CLANG_WARN_OBJC_IMPLICIT_RETAIN_SELF = YES;
				CLANG_WARN_OBJC_LITERAL_CONVERSION = YES;
				CLANG_WARN_OBJC_ROOT_CLASS = YES_ERROR;
				CLANG_WARN_QUOTED_INCLUDE_IN_FRAMEWORK_HEADER = YES;
				CLANG_WARN_RANGE_LOOP_ANALYSIS = YES;
				CLANG_WARN_STRICT_PROTOTYPES = YES;
				CLANG_WARN_SUSPICIOUS_MOVE = YES;
				CLANG_WARN_UNGUARDED_AVAILABILITY = YES_AGGRESSIVE;
				CLANG_WARN_UNREACHABLE_CODE = YES;
				CLANG_WARN__DUPLICATE_METHOD_MATCH = YES;
				COPY_PHASE_STRIP = NO;
				DEBUG_INFORMATION_FORMAT = "dwarf-with-dsym";
				ENABLE_NS_ASSERTIONS = NO;
				ENABLE_STRICT_OBJC_MSGSEND = YES;
				ENABLE_USER_SCRIPT_SANDBOXING = YES;
				GCC_C_LANGUAGE_STANDARD = gnu17;
				GCC_NO_COMMON_BLOCKS = YES;
				GCC_WARN_64_TO_32_BIT_CONVERSION = YES;
				GCC_WARN_ABOUT_RETURN_TYPE = YES_ERROR;
				GCC_WARN_UNDECLARED_SELECTOR = YES;
				GCC_WARN_UNINITIALIZED_AUTOS = YES_AGGRESSIVE;
				GCC_WARN_UNUSED_FUNCTION = YES;
				GCC_WARN_UNUSED_VARIABLE = YES;
				IPHONEOS_DEPLOYMENT_TARGET = 17.0;
				LOCALIZATION_PREFERS_STRING_CATALOGS = YES;
				MTL_ENABLE_DEBUG_INFO = NO;
				MTL_FAST_MATH = YES;
				SDKROOT = iphoneos;
				SWIFT_COMPILATION_MODE = wholemodule;
				VALIDATE_PRODUCT = YES;
			};
			name = Release;
		};
		4B3EC4132B11F0AB0077A0B0 /* Debug */ = {
			isa = XCBuildConfiguration;
			buildSettings = {
				ASSETCATALOG_COMPILER_APPICON_NAME = AppIcon;
				ASSETCATALOG_COMPILER_GLOBAL_ACCENT_COLOR_NAME = AccentColor;
				CODE_SIGN_STYLE = Automatic;
				CURRENT_PROJECT_VERSION = 1;
				GENERATE_INFOPLIST_FILE = YES;
				INFOPLIST_FILE = Movie_Husqvarna/Info.plist;
				INFOPLIST_KEY_UIApplicationSupportsIndirectInputEvents = YES;
				INFOPLIST_KEY_UILaunchStoryboardName = LaunchScreen;
				INFOPLIST_KEY_UIMainStoryboardFile = Main;
				INFOPLIST_KEY_UISupportedInterfaceOrientations_iPad = "UIInterfaceOrientationPortrait UIInterfaceOrientationPortraitUpsideDown UIInterfaceOrientationLandscapeLeft UIInterfaceOrientationLandscapeRight";
				INFOPLIST_KEY_UISupportedInterfaceOrientations_iPhone = "UIInterfaceOrientationPortrait UIInterfaceOrientationLandscapeLeft UIInterfaceOrientationLandscapeRight";
				IPHONEOS_DEPLOYMENT_TARGET = 16.0;
				LD_RUNPATH_SEARCH_PATHS = (
					"$(inherited)",
					"@executable_path/Frameworks",
				);
				MARKETING_VERSION = 1.0;
				PRODUCT_BUNDLE_IDENTIFIER = "com.shoeb.Movie-Husqvarna";
				PRODUCT_NAME = "$(TARGET_NAME)";
				SWIFT_EMIT_LOC_STRINGS = YES;
				SWIFT_VERSION = 5.0;
				TARGETED_DEVICE_FAMILY = "1,2";
			};
			name = Debug;
		};
		4B3EC4142B11F0AB0077A0B0 /* Release */ = {
			isa = XCBuildConfiguration;
			buildSettings = {
				ASSETCATALOG_COMPILER_APPICON_NAME = AppIcon;
				ASSETCATALOG_COMPILER_GLOBAL_ACCENT_COLOR_NAME = AccentColor;
				CODE_SIGN_STYLE = Automatic;
				CURRENT_PROJECT_VERSION = 1;
				GENERATE_INFOPLIST_FILE = YES;
				INFOPLIST_FILE = Movie_Husqvarna/Info.plist;
				INFOPLIST_KEY_UIApplicationSupportsIndirectInputEvents = YES;
				INFOPLIST_KEY_UILaunchStoryboardName = LaunchScreen;
				INFOPLIST_KEY_UIMainStoryboardFile = Main;
				INFOPLIST_KEY_UISupportedInterfaceOrientations_iPad = "UIInterfaceOrientationPortrait UIInterfaceOrientationPortraitUpsideDown UIInterfaceOrientationLandscapeLeft UIInterfaceOrientationLandscapeRight";
				INFOPLIST_KEY_UISupportedInterfaceOrientations_iPhone = "UIInterfaceOrientationPortrait UIInterfaceOrientationLandscapeLeft UIInterfaceOrientationLandscapeRight";
				IPHONEOS_DEPLOYMENT_TARGET = 16.0;
				LD_RUNPATH_SEARCH_PATHS = (
					"$(inherited)",
					"@executable_path/Frameworks",
				);
				MARKETING_VERSION = 1.0;
				PRODUCT_BUNDLE_IDENTIFIER = "com.shoeb.Movie-Husqvarna";
				PRODUCT_NAME = "$(TARGET_NAME)";
				SWIFT_EMIT_LOC_STRINGS = YES;
				SWIFT_VERSION = 5.0;
				TARGETED_DEVICE_FAMILY = "1,2";
			};
			name = Release;
		};
		4B3EC4162B11F0AB0077A0B0 /* Debug */ = {
			isa = XCBuildConfiguration;
			buildSettings = {
				ALWAYS_EMBED_SWIFT_STANDARD_LIBRARIES = YES;
				BUNDLE_LOADER = "$(TEST_HOST)";
				CODE_SIGN_STYLE = Automatic;
				CURRENT_PROJECT_VERSION = 1;
				GENERATE_INFOPLIST_FILE = YES;
				IPHONEOS_DEPLOYMENT_TARGET = 17.0;
				MARKETING_VERSION = 1.0;
				PRODUCT_BUNDLE_IDENTIFIER = "com.shoeb.Movie-HusqvarnaTests";
				PRODUCT_NAME = "$(TARGET_NAME)";
				SWIFT_EMIT_LOC_STRINGS = NO;
				SWIFT_VERSION = 5.0;
				TARGETED_DEVICE_FAMILY = "1,2";
				TEST_HOST = "$(BUILT_PRODUCTS_DIR)/Movie_Husqvarna.app/$(BUNDLE_EXECUTABLE_FOLDER_PATH)/Movie_Husqvarna";
			};
			name = Debug;
		};
		4B3EC4172B11F0AB0077A0B0 /* Release */ = {
			isa = XCBuildConfiguration;
			buildSettings = {
				ALWAYS_EMBED_SWIFT_STANDARD_LIBRARIES = YES;
				BUNDLE_LOADER = "$(TEST_HOST)";
				CODE_SIGN_STYLE = Automatic;
				CURRENT_PROJECT_VERSION = 1;
				GENERATE_INFOPLIST_FILE = YES;
				IPHONEOS_DEPLOYMENT_TARGET = 17.0;
				MARKETING_VERSION = 1.0;
				PRODUCT_BUNDLE_IDENTIFIER = "com.shoeb.Movie-HusqvarnaTests";
				PRODUCT_NAME = "$(TARGET_NAME)";
				SWIFT_EMIT_LOC_STRINGS = NO;
				SWIFT_VERSION = 5.0;
				TARGETED_DEVICE_FAMILY = "1,2";
				TEST_HOST = "$(BUILT_PRODUCTS_DIR)/Movie_Husqvarna.app/$(BUNDLE_EXECUTABLE_FOLDER_PATH)/Movie_Husqvarna";
			};
			name = Release;
		};
		4B3EC4192B11F0AB0077A0B0 /* Debug */ = {
			isa = XCBuildConfiguration;
			buildSettings = {
				ALWAYS_EMBED_SWIFT_STANDARD_LIBRARIES = YES;
				CODE_SIGN_STYLE = Automatic;
				CURRENT_PROJECT_VERSION = 1;
				GENERATE_INFOPLIST_FILE = YES;
				MARKETING_VERSION = 1.0;
				PRODUCT_BUNDLE_IDENTIFIER = "com.shoeb.Movie-HusqvarnaUITests";
				PRODUCT_NAME = "$(TARGET_NAME)";
				SWIFT_EMIT_LOC_STRINGS = NO;
				SWIFT_VERSION = 5.0;
				TARGETED_DEVICE_FAMILY = "1,2";
				TEST_TARGET_NAME = Movie_Husqvarna;
			};
			name = Debug;
		};
		4B3EC41A2B11F0AB0077A0B0 /* Release */ = {
			isa = XCBuildConfiguration;
			buildSettings = {
				ALWAYS_EMBED_SWIFT_STANDARD_LIBRARIES = YES;
				CODE_SIGN_STYLE = Automatic;
				CURRENT_PROJECT_VERSION = 1;
				GENERATE_INFOPLIST_FILE = YES;
				MARKETING_VERSION = 1.0;
				PRODUCT_BUNDLE_IDENTIFIER = "com.shoeb.Movie-HusqvarnaUITests";
				PRODUCT_NAME = "$(TARGET_NAME)";
				SWIFT_EMIT_LOC_STRINGS = NO;
				SWIFT_VERSION = 5.0;
				TARGETED_DEVICE_FAMILY = "1,2";
				TEST_TARGET_NAME = Movie_Husqvarna;
			};
			name = Release;
		};
/* End XCBuildConfiguration section */

/* Begin XCConfigurationList section */
		4B3EC3E32B11F0A90077A0B0 /* Build configuration list for PBXProject "Movie_Husqvarna" */ = {
			isa = XCConfigurationList;
			buildConfigurations = (
				4B3EC4102B11F0AB0077A0B0 /* Debug */,
				4B3EC4112B11F0AB0077A0B0 /* Release */,
			);
			defaultConfigurationIsVisible = 0;
			defaultConfigurationName = Release;
		};
		4B3EC4122B11F0AB0077A0B0 /* Build configuration list for PBXNativeTarget "Movie_Husqvarna" */ = {
			isa = XCConfigurationList;
			buildConfigurations = (
				4B3EC4132B11F0AB0077A0B0 /* Debug */,
				4B3EC4142B11F0AB0077A0B0 /* Release */,
			);
			defaultConfigurationIsVisible = 0;
			defaultConfigurationName = Release;
		};
		4B3EC4152B11F0AB0077A0B0 /* Build configuration list for PBXNativeTarget "Movie_HusqvarnaTests" */ = {
			isa = XCConfigurationList;
			buildConfigurations = (
				4B3EC4162B11F0AB0077A0B0 /* Debug */,
				4B3EC4172B11F0AB0077A0B0 /* Release */,
			);
			defaultConfigurationIsVisible = 0;
			defaultConfigurationName = Release;
		};
		4B3EC4182B11F0AB0077A0B0 /* Build configuration list for PBXNativeTarget "Movie_HusqvarnaUITests" */ = {
			isa = XCConfigurationList;
			buildConfigurations = (
				4B3EC4192B11F0AB0077A0B0 /* Debug */,
				4B3EC41A2B11F0AB0077A0B0 /* Release */,
			);
			defaultConfigurationIsVisible = 0;
			defaultConfigurationName = Release;
		};
/* End XCConfigurationList section */

/* Begin XCRemoteSwiftPackageReference section */
		4B3EC4522B12627E0077A0B0 /* XCRemoteSwiftPackageReference "CachedAsyncImage" */ = {
			isa = XCRemoteSwiftPackageReference;
			repositoryURL = "https://github.com/bullinnyc/CachedAsyncImage";
			requirement = {
				kind = upToNextMajorVersion;
				minimumVersion = 2.2.0;
			};
		};
/* End XCRemoteSwiftPackageReference section */

/* Begin XCSwiftPackageProductDependency section */
		4B3EC4532B12627E0077A0B0 /* CachedAsyncImage */ = {
			isa = XCSwiftPackageProductDependency;
			package = 4B3EC4522B12627E0077A0B0 /* XCRemoteSwiftPackageReference "CachedAsyncImage" */;
			productName = CachedAsyncImage;
		};
/* End XCSwiftPackageProductDependency section */
	};
	rootObject = 4B3EC3E02B11F0A90077A0B0 /* Project object */;
}
